{
  "version": "5",
  "remote": {
    "https://deno.land/std@0.168.0/_util/asserts.ts": "d0844e9b62510f89ce1f9878b046f6a57bf88f208a10304aab50efcb48365272",
    "https://deno.land/std@0.168.0/_util/os.ts": "8a33345f74990e627b9dfe2de9b040004b08ea5146c7c9e8fe9a29070d193934",
    "https://deno.land/std@0.168.0/async/abortable.ts": "80b2ac399f142cc528f95a037a7d0e653296352d95c681e284533765961de409",
    "https://deno.land/std@0.168.0/async/deadline.ts": "2c2deb53c7c28ca1dda7a3ad81e70508b1ebc25db52559de6b8636c9278fd41f",
    "https://deno.land/std@0.168.0/async/debounce.ts": "60301ffb37e730cd2d6f9dadfd0ecb2a38857681bd7aaf6b0a106b06e5210a98",
    "https://deno.land/std@0.168.0/async/deferred.ts": "77d3f84255c3627f1cc88699d8472b664d7635990d5358c4351623e098e917d6",
    "https://deno.land/std@0.168.0/async/delay.ts": "5a9bfba8de38840308a7a33786a0155a7f6c1f7a859558ddcec5fe06e16daf57",
    "https://deno.land/std@0.168.0/async/mod.ts": "7809ad4bb223e40f5fdc043e5c7ca04e0e25eed35c32c3c32e28697c553fa6d9",
    "https://deno.land/std@0.168.0/async/mux_async_iterator.ts": "770a0ff26c59f8bbbda6b703a2235f04e379f73238e8d66a087edc68c2a2c35f",
    "https://deno.land/std@0.168.0/async/pool.ts": "6854d8cd675a74c73391c82005cbbe4cc58183bddcd1fbbd7c2bcda42b61cf69",
    "https://deno.land/std@0.168.0/async/retry.ts": "e8e5173623915bbc0ddc537698fa418cf875456c347eda1ed453528645b42e67",
    "https://deno.land/std@0.168.0/async/tee.ts": "3a47cc4e9a940904fd4341f0224907e199121c80b831faa5ec2b054c6d2eff5e",
    "https://deno.land/std@0.168.0/collections/_utils.ts": "fd759867be7a0047a1fa89ec89f7b58ebe3f2f7f089a8f4e416eb30c5d764868",
    "https://deno.land/std@0.168.0/collections/deep_merge.ts": "0303cca7697646c5464ecb3337d494602056babae4f09baf6619f1043ba7eb6d",
    "https://deno.land/std@0.168.0/crypto/_fnv/fnv32.ts": "aa9bddead8c6345087d3abd4ef35fb9655622afc333fc41fff382b36e64280b5",
    "https://deno.land/std@0.168.0/crypto/_fnv/fnv64.ts": "625d7e7505b6cb2e9801b5fd6ed0a89256bac12b2bbb3e4664b85a88b0ec5bef",
    "https://deno.land/std@0.168.0/crypto/_fnv/index.ts": "a8f6a361b4c6d54e5e89c16098f99b6962a1dd6ad1307dbc97fa1ecac5d7060a",
    "https://deno.land/std@0.168.0/crypto/_fnv/util.ts": "4848313bed7f00f55be3cb080aa0583fc007812ba965b03e4009665bde614ce3",
    "https://deno.land/std@0.168.0/crypto/_util.ts": "4a8cb74e7273d2400aa6da582ec58078cf8d54bc66530592048cbd7cc4152621",
    "https://deno.land/std@0.168.0/crypto/_wasm/lib/deno_std_wasm_crypto.generated.mjs": "71c1ac20f32fdbdc9b31a14917779c7fa392dbc8b050059cbb2c35b400b975b1",
    "https://deno.land/std@0.168.0/crypto/_wasm/mod.ts": "b49ec171049bbbaaed3c5a5a71dfcb3d09f880607c8d9c517638d0443bd0f874",
    "https://deno.land/std@0.168.0/crypto/keystack.ts": "ee8ee58ca876f619cef56f40127405f77f9738f50a459b6ba44234b3a2cb6cc8",
    "https://deno.land/std@0.168.0/crypto/mod.ts": "f953406904aa4257a6c76c40eb74b47d8dad83af8a77f33a4639cbac6d311baf",
    "https://deno.land/std@0.168.0/crypto/timing_safe_equal.ts": "3784958e40a5fe10429a68b75cc5f8d34356bf0bc2eb93c80c3033e2a6f17821",
    "https://deno.land/std@0.168.0/crypto/util.ts": "93fc9dbaa62421538ad60ee65337cbf1d8a0298fac3c4f70b37e5627e7e129eb",
    "https://deno.land/std@0.168.0/encoding/base64.ts": "8605e018e49211efc767686f6f687827d7f5fd5217163e981d8d693105640d7a",
    "https://deno.land/std@0.168.0/encoding/base64url.ts": "0283b12fcd306c11e3cf26fc022fecc800c6acc19704ea8bdb3908898fcd06d6",
    "https://deno.land/std@0.168.0/encoding/hex.ts": "b51e99b684486a3ad2406807a8be953f5ef8bac95af202774a759f9fcf0d87a6",
    "https://deno.land/std@0.168.0/flags/mod.ts": "4f50ec6383c02684db35de38b3ffb2cd5b9fcfcc0b1147055d1980c49e82521c",
    "https://deno.land/std@0.168.0/fmt/colors.ts": "03ad95e543d2808bc43c17a3dd29d25b43d0f16287fe562a0be89bf632454a12",
    "https://deno.land/std@0.168.0/http/file_server.ts": "369b5e4bb418e3ad6aae6d53102de292521604937acb3bfa27b90bbc59b50396",
    "https://deno.land/std@0.168.0/http/http_status.ts": "ed24048cc0d06066c944da59b0301da3ae2f990564bb4ad79bb52a09cf8e9b30",
    "https://deno.land/std@0.168.0/http/server.ts": "e99c1bee8a3f6571ee4cdeb2966efad465b8f6fe62bec1bdb59c1f007cc4d155",
    "https://deno.land/std@0.168.0/http/util.ts": "759a2b57b44b722d2033d0dfe077f7e9a257f431db6d0319b78dcfebed0adb1e",
    "https://deno.land/std@0.168.0/media_types/_util.ts": "ce9b4fc4ba1c447dafab619055e20fd88236ca6bdd7834a21f98bd193c3fbfa1",
    "https://deno.land/std@0.168.0/media_types/mod.ts": "8c0447e561dd74fb26c52ad0df92d9f2ab170329a11a3f78498e3ea94c0590fd",
    "https://deno.land/std@0.168.0/media_types/vendor/mime-db.v1.52.0.ts": "724cee25fa40f1a52d3937d6b4fbbfdd7791ff55e1b7ac08d9319d5632c7f5af",
    "https://deno.land/std@0.168.0/path/_constants.ts": "df1db3ffa6dd6d1252cc9617e5d72165cd2483df90e93833e13580687b6083c3",
    "https://deno.land/std@0.168.0/path/_interface.ts": "ee3b431a336b80cf445441109d089b70d87d5e248f4f90ff906820889ecf8d09",
    "https://deno.land/std@0.168.0/path/_util.ts": "d16be2a16e1204b65f9d0dfc54a9bc472cafe5f4a190b3c8471ec2016ccd1677",
    "https://deno.land/std@0.168.0/path/common.ts": "bee563630abd2d97f99d83c96c2fa0cca7cee103e8cb4e7699ec4d5db7bd2633",
    "https://deno.land/std@0.168.0/path/glob.ts": "81cc6c72be002cd546c7a22d1f263f82f63f37fe0035d9726aa96fc8f6e4afa1",
    "https://deno.land/std@0.168.0/path/mod.ts": "cf7cec7ac11b7048bb66af8ae03513e66595c279c65cfa12bfc07d9599608b78",
    "https://deno.land/std@0.168.0/path/posix.ts": "b859684bc4d80edfd4cad0a82371b50c716330bed51143d6dcdbe59e6278b30c",
    "https://deno.land/std@0.168.0/path/separator.ts": "fe1816cb765a8068afb3e8f13ad272351c85cbc739af56dacfc7d93d710fe0f9",
    "https://deno.land/std@0.168.0/path/win32.ts": "7cebd2bda6657371adc00061a1d23fdd87bcdf64b4843bb148b0b24c11b40f69",
    "https://deno.land/std@0.168.0/version.ts": "6ed7bb29087783f788009970e040d66152a44cc0f0c40b514b6bb0eac6e942fa",
    "https://deno.land/std@0.224.0/assert/_constants.ts": "a271e8ef5a573f1df8e822a6eb9d09df064ad66a4390f21b3e31f820a38e0975",
    "https://deno.land/std@0.224.0/assert/assert.ts": "09d30564c09de846855b7b071e62b5974b001bb72a4b797958fe0660e7849834",
    "https://deno.land/std@0.224.0/assert/assert_almost_equals.ts": "9e416114322012c9a21fa68e187637ce2d7df25bcbdbfd957cd639e65d3cf293",
    "https://deno.land/std@0.224.0/assert/assert_array_includes.ts": "14c5094471bc8e4a7895fc6aa5a184300d8a1879606574cb1cd715ef36a4a3c7",
    "https://deno.land/std@0.224.0/assert/assert_equals.ts": "3bbca947d85b9d374a108687b1a8ba3785a7850436b5a8930d81f34a32cb8c74",
    "https://deno.land/std@0.224.0/assert/assert_exists.ts": "43420cf7f956748ae6ed1230646567b3593cb7a36c5a5327269279c870c5ddfd",
    "https://deno.land/std@0.224.0/assert/assert_false.ts": "3e9be8e33275db00d952e9acb0cd29481a44fa0a4af6d37239ff58d79e8edeff",
    "https://deno.land/std@0.224.0/assert/assert_greater.ts": "5e57b201fd51b64ced36c828e3dfd773412c1a6120c1a5a99066c9b261974e46",
    "https://deno.land/std@0.224.0/assert/assert_greater_or_equal.ts": "9870030f997a08361b6f63400273c2fb1856f5db86c0c3852aab2a002e425c5b",
    "https://deno.land/std@0.224.0/assert/assert_instance_of.ts": "e22343c1fdcacfaea8f37784ad782683ec1cf599ae9b1b618954e9c22f376f2c",
    "https://deno.land/std@0.224.0/assert/assert_is_error.ts": "f856b3bc978a7aa6a601f3fec6603491ab6255118afa6baa84b04426dd3cc491",
    "https://deno.land/std@0.224.0/assert/assert_less.ts": "60b61e13a1982865a72726a5fa86c24fad7eb27c3c08b13883fb68882b307f68",
    "https://deno.land/std@0.224.0/assert/assert_less_or_equal.ts": "d2c84e17faba4afe085e6c9123a63395accf4f9e00150db899c46e67420e0ec3",
    "https://deno.land/std@0.224.0/assert/assert_match.ts": "ace1710dd3b2811c391946954234b5da910c5665aed817943d086d4d4871a8b7",
    "https://deno.land/std@0.224.0/assert/assert_not_equals.ts": "78d45dd46133d76ce624b2c6c09392f6110f0df9b73f911d20208a68dee2ef29",
    "https://deno.land/std@0.224.0/assert/assert_not_instance_of.ts": "3434a669b4d20cdcc5359779301a0588f941ffdc2ad68803c31eabdb4890cf7a",
    "https://deno.land/std@0.224.0/assert/assert_not_match.ts": "df30417240aa2d35b1ea44df7e541991348a063d9ee823430e0b58079a72242a",
    "https://deno.land/std@0.224.0/assert/assert_not_strict_equals.ts": "37f73880bd672709373d6dc2c5f148691119bed161f3020fff3548a0496f71b8",
    "https://deno.land/std@0.224.0/assert/assert_object_match.ts": "411450fd194fdaabc0089ae68f916b545a49d7b7e6d0026e84a54c9e7eed2693",
    "https://deno.land/std@0.224.0/assert/assert_rejects.ts": "4bee1d6d565a5b623146a14668da8f9eb1f026a4f338bbf92b37e43e0aa53c31",
    "https://deno.land/std@0.224.0/assert/assert_strict_equals.ts": "b4f45f0fd2e54d9029171876bd0b42dd9ed0efd8f853ab92a3f50127acfa54f5",
    "https://deno.land/std@0.224.0/assert/assert_string_includes.ts": "496b9ecad84deab72c8718735373feb6cdaa071eb91a98206f6f3cb4285e71b8",
    "https://deno.land/std@0.224.0/assert/assert_throws.ts": "c6508b2879d465898dab2798009299867e67c570d7d34c90a2d235e4553906eb",
    "https://deno.land/std@0.224.0/assert/assertion_error.ts": "ba8752bd27ebc51f723702fac2f54d3e94447598f54264a6653d6413738a8917",
    "https://deno.land/std@0.224.0/assert/equal.ts": "bddf07bb5fc718e10bb72d5dc2c36c1ce5a8bdd3b647069b6319e07af181ac47",
    "https://deno.land/std@0.224.0/assert/fail.ts": "0eba674ffb47dff083f02ced76d5130460bff1a9a68c6514ebe0cdea4abadb68",
    "https://deno.land/std@0.224.0/assert/mod.ts": "48b8cb8a619ea0b7958ad7ee9376500fe902284bb36f0e32c598c3dc34cbd6f3",
    "https://deno.land/std@0.224.0/assert/unimplemented.ts": "8c55a5793e9147b4f1ef68cd66496b7d5ba7a9e7ca30c6da070c1a58da723d73",
    "https://deno.land/std@0.224.0/assert/unreachable.ts": "5ae3dbf63ef988615b93eb08d395dda771c96546565f9e521ed86f6510c29e19",
    "https://deno.land/std@0.224.0/fmt/colors.ts": "508563c0659dd7198ba4bbf87e97f654af3c34eb56ba790260f252ad8012e1c5",
    "https://deno.land/std@0.224.0/internal/diff.ts": "6234a4b493ebe65dc67a18a0eb97ef683626a1166a1906232ce186ae9f65f4e6",
    "https://deno.land/std@0.224.0/internal/format.ts": "0a98ee226fd3d43450245b1844b47003419d34d210fa989900861c79820d21c2",
    "https://deno.land/std@0.224.0/internal/mod.ts": "534125398c8e7426183e12dc255bb635d94e06d0f93c60a297723abe69d3b22e"
  },
  "workspace": {
    "packageJson": {
      "dependencies": [
        "npm:@types/jest@29",
        "npm:jest@29",
        "npm:ts-jest@29",
        "npm:typescript@5",
        "npm:wasm-pack@0.12"
      ]
    }
  }
}
